<?xml version="1.0" encoding="utf-8"?>
<Project ToolsVersion="4.0" xmlns="http://schemas.microsoft.com/developer/msbuild/2003">
  <ItemGroup>
    <Filter Include="소스 파일">
      <UniqueIdentifier>{4FC737F1-C7A5-4376-A066-2A32D752A2FF}</UniqueIdentifier>
      <Extensions>cpp;c;cc;cxx;c++;cppm;ixx;def;odl;idl;hpj;bat;asm;asmx</Extensions>
    </Filter>
    <Filter Include="헤더 파일">
      <UniqueIdentifier>{93995380-89BD-4b04-88EB-625FBE52EBFB}</UniqueIdentifier>
      <Extensions>h;hh;hpp;hxx;h++;hm;inl;inc;ipp;xsd</Extensions>
    </Filter>
    <Filter Include="리소스 파일">
      <UniqueIdentifier>{67DA6AB6-F800-4c08-8B7A-83BB121AAD01}</UniqueIdentifier>
      <Extensions>rc;ico;cur;bmp;dlg;rc2;rct;bin;rgs;gif;jpg;jpeg;jpe;resx;tiff;tif;png;wav;mfcribbon-ms</Extensions>
    </Filter>
    <Filter Include="소스 파일\Network">
      <UniqueIdentifier>{28d372c3-d5e6-405f-ba5a-94bdb74de121}</UniqueIdentifier>
    </Filter>
    <Filter Include="소스 파일\View">
      <UniqueIdentifier>{79f63f6d-80c7-4931-9cd1-3e6ed8caee97}</UniqueIdentifier>
    </Filter>
    <Filter Include="소스 파일\Core">
      <UniqueIdentifier>{2e7862a0-f5c7-4b15-9fbf-72c5102a7ac0}</UniqueIdentifier>
    </Filter>
    <Filter Include="헤더 파일\Network">
      <UniqueIdentifier>{39db8ac3-0c08-4210-974a-bcd6fd18b24f}</UniqueIdentifier>
    </Filter>
    <Filter Include="헤더 파일\View">
      <UniqueIdentifier>{c4637026-29d6-4ef3-b551-4f8e8a131640}</UniqueIdentifier>
    </Filter>
    <Filter Include="헤더 파일\Core">
      <UniqueIdentifier>{0f76572a-ff1a-4294-a652-99d54407396c}</UniqueIdentifier>
    </Filter>
    <Filter Include="소스 파일\App">
      <UniqueIdentifier>{72f178e2-2043-48a4-b86d-576d55908a26}</UniqueIdentifier>
    </Filter>
    <Filter Include="소스 파일\UI">
      <UniqueIdentifier>{1d3588b0-03f3-482c-8fea-b65698f9b3a3}</UniqueIdentifier>
    </Filter>
    <Filter Include="소스 파일\Framework">
      <UniqueIdentifier>{1ec2ccd0-f53d-488c-8af4-dc4d50eafdda}</UniqueIdentifier>
    </Filter>
    <Filter Include="헤더 파일\Framework">
      <UniqueIdentifier>{8247efa4-6990-4c18-95b9-0048eff1a1d7}</UniqueIdentifier>
    </Filter>
    <Filter Include="헤더 파일\Resource">
      <UniqueIdentifier>{8fed4254-5eaa-4e99-a631-e94492fe5b08}</UniqueIdentifier>
    </Filter>
    <Filter Include="헤더 파일\UI">
      <UniqueIdentifier>{23734233-c901-4a38-a958-c4ee260386f4}</UniqueIdentifier>
    </Filter>
    <Filter Include="헤더 파일\App">
      <UniqueIdentifier>{8248a720-be91-4900-8b6a-affb6eb9b7fc}</UniqueIdentifier>
    </Filter>
    <Filter Include="리소스 파일\Resource">
      <UniqueIdentifier>{1e806d8c-7864-4dd4-9caa-981e30aafdf2}</UniqueIdentifier>
    </Filter>
  </ItemGroup>
  <ItemGroup>
    <ClInclude Include="CRTSPDecoder.h">
      <Filter>헤더 파일\Network</Filter>
    </ClInclude>
    <ClInclude Include="VideoFrame.h">
      <Filter>헤더 파일\Core</Filter>
    </ClInclude>
    <ClInclude Include="CVideoView.h">
      <Filter>헤더 파일\View</Filter>
    </ClInclude>
    <ClInclude Include="pch.h">
      <Filter>헤더 파일\Framework</Filter>
    </ClInclude>
    <ClInclude Include="framework.h">
      <Filter>헤더 파일\Framework</Filter>
    </ClInclude>
    <ClInclude Include="targetver.h">
      <Filter>헤더 파일\Framework</Filter>
    </ClInclude>
    <ClInclude Include="Resource.h">
      <Filter>헤더 파일\Resource</Filter>
    </ClInclude>
    <ClInclude Include="RTSP_Camera_Test_ViewerDlg.h">
      <Filter>헤더 파일\UI</Filter>
    </ClInclude>
    <ClInclude Include="RTSP_Camera_Test_Viewer.h">
      <Filter>헤더 파일\App</Filter>
    </ClInclude>
  </ItemGroup>
  <ItemGroup>
    <ClCompile Include="CRTSPDecoder.cpp">
      <Filter>소스 파일\Network</Filter>
    </ClCompile>
    <ClCompile Include="CVideoView.cpp">
      <Filter>소스 파일\View</Filter>
    </ClCompile>
    <ClCompile Include="RTSP_Camera_Test_Viewer.cpp">
      <Filter>소스 파일\App</Filter>
    </ClCompile>
    <ClCompile Include="RTSP_Camera_Test_ViewerDlg.cpp">
      <Filter>소스 파일\UI</Filter>
    </ClCompile>
    <ClCompile Include="pch.cpp">
      <Filter>소스 파일\Framework</Filter>
    </ClCompile>
  </ItemGroup>
  <ItemGroup>
    <Image Include="res\RTSP_Camera_Test_Viewer.ico">
      <Filter>리소스 파일\Resource</Filter>
    </Image>
  </ItemGroup>
  <ItemGroup>
    <ResourceCompile Include="RTSPCameraTestViewer.rc">
      <Filter>리소스 파일\Resource</Filter>
    </ResourceCompile>
  </ItemGroup>
  <ItemGroup>
    <None Include="res\RTSPCameraTestViewer.rc2">
      <Filter>리소스 파일\Resource</Filter>
    </None>
  </ItemGroup>
</Project>